
Microsoft Visual Studio Solution File, Format Version 12.00
# Visual Studio 2012
Project("{FAE04EC0-301F-11D3-BF4B-00C04F79EFBC}") = "FirstIOSapp", "FirstIOSapp\FirstIOSapp.csproj", "{AE320CEA-7625-464B-A51D-C94049982E7A}"
EndProject
Global
	GlobalSection(SolutionConfigurationPlatforms) = preSolution
		Debug|iPhoneSimulator = Debug|iPhoneSimulator
		Release|iPhone = Release|iPhone
		Release|iPhoneSimulator = Release|iPhoneSimulator
		Debug|iPhone = Debug|iPhone
	EndGlobalSection
	GlobalSection(ProjectConfigurationPlatforms) = postSolution
		{AE320CEA-7625-464B-A51D-C94049982E7A}.Debug|iPhoneSimulator.ActiveCfg = Debug|iPhoneSimulator
		{AE320CEA-7625-464B-A51D-C94049982E7A}.Debug|iPhoneSimulator.Build.0 = Debug|iPhoneSimulator
		{AE320CEA-7625-464B-A51D-C94049982E7A}.Release|iPhone.ActiveCfg = Release|iPhone
		{AE320CEA-7625-464B-A51D-C94049982E7A}.Release|iPhone.Build.0 = Release|iPhone
		{AE320CEA-7625-464B-A51D-C94049982E7A}.Release|iPhoneSimulator.ActiveCfg = Release|iPhoneSimulator
		{AE320CEA-7625-464B-A51D-C94049982E7A}.Release|iPhoneSimulator.Build.0 = Release|iPhoneSimulator
		{AE320CEA-7625-464B-A51D-C94049982E7A}.Debug|iPhone.ActiveCfg = Debug|iPhone
		{AE320CEA-7625-464B-A51D-C94049982E7A}.Debug|iPhone.Build.0 = Debug|iPhone
	EndGlobalSection
EndGlobal
